dependencies:
- name: mariadb
  repository: https://charts.bitnami.com/bitnami
  version: 10.0.1
- name: aad-pod-identity
  repository: https://raw.githubusercontent.com/Azure/aad-pod-identity/master/charts
  version: 4.1.6
- name: csi-secrets-store-provider-azure
  repository: https://raw.githubusercontent.com/Azure/secrets-store-csi-driver-provider-azure/master/charts
  version: 1.0.0
digest: sha256:b74e5fab1d7275c6b9565c267096cbb53b4cb2222a4b2eaa182fc156c7ac30a8
generated: "2021-11-29T02:13:52.9244295+05:30"
